
Microsoft Visual Studio Solution File, Format Version 12.00
# Visual Studio Version 16
VisualStudioVersion = 16.0.30011.22
MinimumVisualStudioVersion = 10.0.40219.1
Project("{FAE04EC0-301F-11D3-BF4B-00C04F79EFBC}") = "RPS_v2", "RPS_v2\RPS_v2.csproj", "{E27A5E78-6C38-437A-A059-911591B8705D}"
EndProject
Global
	GlobalSection(SolutionConfigurationPlatforms) = preSolution
		Debug|Any CPU = Debug|Any CPU
		Release|Any CPU = Release|Any CPU
	EndGlobalSection
	GlobalSection(ProjectConfigurationPlatforms) = postSolution
		{E27A5E78-6C38-437A-A059-911591B8705D}.Debug|Any CPU.ActiveCfg = Debug|Any CPU
		{E27A5E78-6C38-437A-A059-911591B8705D}.Debug|Any CPU.Build.0 = Debug|Any CPU
		{E27A5E78-6C38-437A-A059-911591B8705D}.Release|Any CPU.ActiveCfg = Release|Any CPU
		{E27A5E78-6C38-437A-A059-911591B8705D}.Release|Any CPU.Build.0 = Release|Any CPU
	EndGlobalSection
	GlobalSection(SolutionProperties) = preSolution
		HideSolutionNode = FALSE
	EndGlobalSection
	GlobalSection(ExtensibilityGlobals) = postSolution
		SolutionGuid = {45D6D186-CF8C-44D1-9B12-0A8C8AC213D4}
	EndGlobalSection
EndGlobal
